
Microsoft Visual Studio Solution File, Format Version 12.00
# Visual Studio Version 17
VisualStudioVersion = 17.6.33723.286
MinimumVisualStudioVersion = 10.0.40219.1
Project("{F184B08F-C81C-45F6-A57F-5ABD9991F28F}") = "SE-FIT manager", "SE-FIT manager.vbproj", "{AB675B0B-951F-4867-8FFC-B0A733CA2D87}"
EndProject
Global
	GlobalSection(SolutionConfigurationPlatforms) = preSolution
		Debug|Any CPU = Debug|Any CPU
		Release|Any CPU = Release|Any CPU
	EndGlobalSection
	GlobalSection(ProjectConfigurationPlatforms) = postSolution
		{AB675B0B-951F-4867-8FFC-B0A733CA2D87}.Debug|Any CPU.ActiveCfg = Debug|Any CPU
		{AB675B0B-951F-4867-8FFC-B0A733CA2D87}.Debug|Any CPU.Build.0 = Debug|Any CPU
		{AB675B0B-951F-4867-8FFC-B0A733CA2D87}.Release|Any CPU.ActiveCfg = Release|Any CPU
		{AB675B0B-951F-4867-8FFC-B0A733CA2D87}.Release|Any CPU.Build.0 = Release|Any CPU
	EndGlobalSection
	GlobalSection(SolutionProperties) = preSolution
		HideSolutionNode = FALSE
	EndGlobalSection
	GlobalSection(ExtensibilityGlobals) = postSolution
		SolutionGuid = {B826A06C-1616-463F-8448-7B61141B9EA2}
	EndGlobalSection
EndGlobal
